{
  "name": "WaterMarking-and-Secuirity-System",
  "lockfileVersion": 3,
  "requires": true,
  "packages": {
    "": {
      "dependencies": {
        "watermarkjs": "^2.1.1"
      }
    },
    "node_modules/watermarkjs": {
      "version": "2.1.1",
      "resolved": "https://registry.npmjs.org/watermarkjs/-/watermarkjs-2.1.1.tgz",
      "integrity": "sha512-HDabpga8Fz5d61Z7gBkKO2cDsfViAU/mO5qIoWmDX92wJZLb7Dv4L+CwoHAqS4XkqWcYVGy/AF035BD1EN3v/g=="
    }
  }
}
